
Microsoft Visual Studio Solution File, Format Version 12.00
# Visual Studio 14
VisualStudioVersion = 14.0.25420.1
MinimumVisualStudioVersion = 10.0.40219.1
Project("{FAE04EC0-301F-11D3-BF4B-00C04F79EFBC}") = "HelloWorld", "HelloWorld\HelloWorld.csproj", "{1C52FCB3-9F8A-4E28-84C6-72ACAFDD79AC}"
EndProject
Project("{FAE04EC0-301F-11D3-BF4B-00C04F79EFBC}") = "HelloWorld.Repo", "HelloWorld.Repo\HelloWorld.Repo.csproj", "{5F6729CC-D6EE-4850-B693-0DC866688C7C}"
EndProject
Project("{FAE04EC0-301F-11D3-BF4B-00C04F79EFBC}") = "HelloWorld.Services", "HelloWorld.Services\HelloWorld.Services.csproj", "{01D529DE-F025-4047-8292-C4F9F7A6190D}"
EndProject
Project("{FAE04EC0-301F-11D3-BF4B-00C04F79EFBC}") = "HelloWorld.Tests", "HelloWorld.Tests\HelloWorld.Tests.csproj", "{98A248C3-4DFB-4D81-B260-046A6289E562}"
EndProject
Project("{FAE04EC0-301F-11D3-BF4B-00C04F79EFBC}") = "HelloWorld.Utilities", "HelloWorld.Utilities\HelloWorld.Utilities.csproj", "{1E73CAEF-75C0-41EE-88CE-DB7D42494165}"
EndProject
Global
	GlobalSection(SolutionConfigurationPlatforms) = preSolution
		Debug|Any CPU = Debug|Any CPU
		Release|Any CPU = Release|Any CPU
	EndGlobalSection
	GlobalSection(ProjectConfigurationPlatforms) = postSolution
		{1C52FCB3-9F8A-4E28-84C6-72ACAFDD79AC}.Debug|Any CPU.ActiveCfg = Debug|Any CPU
		{1C52FCB3-9F8A-4E28-84C6-72ACAFDD79AC}.Debug|Any CPU.Build.0 = Debug|Any CPU
		{1C52FCB3-9F8A-4E28-84C6-72ACAFDD79AC}.Release|Any CPU.ActiveCfg = Release|Any CPU
		{1C52FCB3-9F8A-4E28-84C6-72ACAFDD79AC}.Release|Any CPU.Build.0 = Release|Any CPU
		{5F6729CC-D6EE-4850-B693-0DC866688C7C}.Debug|Any CPU.ActiveCfg = Debug|Any CPU
		{5F6729CC-D6EE-4850-B693-0DC866688C7C}.Debug|Any CPU.Build.0 = Debug|Any CPU
		{5F6729CC-D6EE-4850-B693-0DC866688C7C}.Release|Any CPU.ActiveCfg = Release|Any CPU
		{5F6729CC-D6EE-4850-B693-0DC866688C7C}.Release|Any CPU.Build.0 = Release|Any CPU
		{01D529DE-F025-4047-8292-C4F9F7A6190D}.Debug|Any CPU.ActiveCfg = Debug|Any CPU
		{01D529DE-F025-4047-8292-C4F9F7A6190D}.Debug|Any CPU.Build.0 = Debug|Any CPU
		{01D529DE-F025-4047-8292-C4F9F7A6190D}.Release|Any CPU.ActiveCfg = Release|Any CPU
		{01D529DE-F025-4047-8292-C4F9F7A6190D}.Release|Any CPU.Build.0 = Release|Any CPU
		{98A248C3-4DFB-4D81-B260-046A6289E562}.Debug|Any CPU.ActiveCfg = Debug|Any CPU
		{98A248C3-4DFB-4D81-B260-046A6289E562}.Debug|Any CPU.Build.0 = Debug|Any CPU
		{98A248C3-4DFB-4D81-B260-046A6289E562}.Release|Any CPU.ActiveCfg = Release|Any CPU
		{98A248C3-4DFB-4D81-B260-046A6289E562}.Release|Any CPU.Build.0 = Release|Any CPU
		{1E73CAEF-75C0-41EE-88CE-DB7D42494165}.Debug|Any CPU.ActiveCfg = Debug|Any CPU
		{1E73CAEF-75C0-41EE-88CE-DB7D42494165}.Debug|Any CPU.Build.0 = Debug|Any CPU
		{1E73CAEF-75C0-41EE-88CE-DB7D42494165}.Release|Any CPU.ActiveCfg = Release|Any CPU
		{1E73CAEF-75C0-41EE-88CE-DB7D42494165}.Release|Any CPU.Build.0 = Release|Any CPU
	EndGlobalSection
	GlobalSection(SolutionProperties) = preSolution
		HideSolutionNode = FALSE
	EndGlobalSection
EndGlobal
